
Microsoft Visual Studio Solution File, Format Version 12.00
# Visual Studio Version 17
VisualStudioVersion = 17.0.32112.339
MinimumVisualStudioVersion = 10.0.40219.1
Project("{FAE04EC0-301F-11D3-BF4B-00C04F79EFBC}") = "Ratio_cents", "Ratio_cents\Ratio_cents.csproj", "{DC8CFA2F-1A5D-4259-99D3-56D27DF425A5}"
EndProject
Global
	GlobalSection(SolutionConfigurationPlatforms) = preSolution
		Debug|Any CPU = Debug|Any CPU
		Release|Any CPU = Release|Any CPU
	EndGlobalSection
	GlobalSection(ProjectConfigurationPlatforms) = postSolution
		{DC8CFA2F-1A5D-4259-99D3-56D27DF425A5}.Debug|Any CPU.ActiveCfg = Debug|Any CPU
		{DC8CFA2F-1A5D-4259-99D3-56D27DF425A5}.Debug|Any CPU.Build.0 = Debug|Any CPU
		{DC8CFA2F-1A5D-4259-99D3-56D27DF425A5}.Release|Any CPU.ActiveCfg = Release|Any CPU
		{DC8CFA2F-1A5D-4259-99D3-56D27DF425A5}.Release|Any CPU.Build.0 = Release|Any CPU
	EndGlobalSection
	GlobalSection(SolutionProperties) = preSolution
		HideSolutionNode = FALSE
	EndGlobalSection
	GlobalSection(ExtensibilityGlobals) = postSolution
		SolutionGuid = {EE0682C7-B35B-4841-9F95-9B8F643D73F3}
	EndGlobalSection
EndGlobal
